// !$*UTF8*$!
{
	archiveVersion = 1;
	classes = {
	};
	objectVersion = 56;
	objects = {

/* Begin PBXBuildFile section */
		291FE62C2B7A64A000E00FD9 /* messages.pb.swift in Sources */ = {isa = PBXBuildFile; fileRef = 291FE62B2B7A64A000E00FD9 /* messages.pb.swift */; };
		291FE62F2B7A64E300E00FD9 /* SwiftProtobuf in Frameworks */ = {isa = PBXBuildFile; productRef = 291FE62E2B7A64E300E00FD9 /* SwiftProtobuf */; };
		291FE6312B7A64E300E00FD9 /* SwiftProtobufPluginLibrary in Frameworks */ = {isa = PBXBuildFile; productRef = 291FE6302B7A64E300E00FD9 /* SwiftProtobufPluginLibrary */; };
		291FE6332B7A64E300E00FD9 /* protoc-gen-swift in Frameworks */ = {isa = PBXBuildFile; productRef = 291FE6322B7A64E300E00FD9 /* protoc-gen-swift */; };
		2968308B2B6F6C21000BC052 /* main.swift in Sources */ = {isa = PBXBuildFile; fileRef = 2968308A2B6F6C21000BC052 /* main.swift */; };
		29C0E1C32B7CED6A00ABE11F /* ModKit.xcframework in Frameworks */ = {isa = PBXBuildFile; fileRef = 29C0E1C22B7CED6A00ABE11F /* ModKit.xcframework */; };
/* End PBXBuildFile section */

/* Begin PBXCopyFilesBuildPhase section */
		296830852B6F6C21000BC052 /* CopyFiles */ = {
			isa = PBXCopyFilesBuildPhase;
			buildActionMask = 2147483647;
			dstPath = /usr/share/man/man1/;
			dstSubfolderSpec = 0;
			files = (
			);
			runOnlyForDeploymentPostprocessing = 1;
		};
/* End PBXCopyFilesBuildPhase section */

/* Begin PBXFileReference section */
		291FE62B2B7A64A000E00FD9 /* messages.pb.swift */ = {isa = PBXFileReference; fileEncoding = 4; lastKnownFileType = sourcecode.swift; path = messages.pb.swift; sourceTree = "<group>"; };
		296830872B6F6C21000BC052 /* poc-ocaml-swift */ = {isa = PBXFileReference; explicitFileType = "compiled.mach-o.executable"; includeInIndex = 0; path = "poc-ocaml-swift"; sourceTree = BUILT_PRODUCTS_DIR; };
		2968308A2B6F6C21000BC052 /* main.swift */ = {isa = PBXFileReference; lastKnownFileType = sourcecode.swift; path = main.swift; sourceTree = "<group>"; };
		29C0E1C22B7CED6A00ABE11F /* ModKit.xcframework */ = {isa = PBXFileReference; lastKnownFileType = wrapper.xcframework; name = ModKit.xcframework; path = ../../macos/ModKit.xcframework; sourceTree = "<group>"; };
/* End PBXFileReference section */

/* Begin PBXFrameworksBuildPhase section */
		296830842B6F6C21000BC052 /* Frameworks */ = {
			isa = PBXFrameworksBuildPhase;
			buildActionMask = 2147483647;
			files = (
				291FE6332B7A64E300E00FD9 /* protoc-gen-swift in Frameworks */,
				29C0E1C32B7CED6A00ABE11F /* ModKit.xcframework in Frameworks */,
				291FE6312B7A64E300E00FD9 /* SwiftProtobufPluginLibrary in Frameworks */,
				291FE62F2B7A64E300E00FD9 /* SwiftProtobuf in Frameworks */,
			);
			runOnlyForDeploymentPostprocessing = 0;
		};
/* End PBXFrameworksBuildPhase section */

/* Begin PBXGroup section */
		2968307E2B6F6C21000BC052 = {
			isa = PBXGroup;
			children = (
				296830912B6F6C3F000BC052 /* Frameworks */,
				296830892B6F6C21000BC052 /* poc-ocaml-swift */,
				296830882B6F6C21000BC052 /* Products */,
			);
			sourceTree = "<group>";
		};
		296830882B6F6C21000BC052 /* Products */ = {
			isa = PBXGroup;
			children = (
				296830872B6F6C21000BC052 /* poc-ocaml-swift */,
			);
			name = Products;
			sourceTree = "<group>";
		};
		296830892B6F6C21000BC052 /* poc-ocaml-swift */ = {
			isa = PBXGroup;
			children = (
				2968308A2B6F6C21000BC052 /* main.swift */,
				291FE62B2B7A64A000E00FD9 /* messages.pb.swift */,
			);
			path = "poc-ocaml-swift";
			sourceTree = "<group>";
		};
		296830912B6F6C3F000BC052 /* Frameworks */ = {
			isa = PBXGroup;
			children = (
				29C0E1C22B7CED6A00ABE11F /* ModKit.xcframework */,
			);
			path = Frameworks;
			sourceTree = "<group>";
		};
/* End PBXGroup section */

/* Begin PBXNativeTarget section */
		296830862B6F6C21000BC052 /* poc-ocaml-swift */ = {
			isa = PBXNativeTarget;
			buildConfigurationList = 2968308E2B6F6C21000BC052 /* Build configuration list for PBXNativeTarget "poc-ocaml-swift" */;
			buildPhases = (
				296830832B6F6C21000BC052 /* Sources */,
				296830842B6F6C21000BC052 /* Frameworks */,
				296830852B6F6C21000BC052 /* CopyFiles */,
			);
			buildRules = (
			);
			dependencies = (
			);
			name = "poc-ocaml-swift";
			packageProductDependencies = (
				291FE62E2B7A64E300E00FD9 /* SwiftProtobuf */,
				291FE6302B7A64E300E00FD9 /* SwiftProtobufPluginLibrary */,
				291FE6322B7A64E300E00FD9 /* protoc-gen-swift */,
			);
			productName = "poc-ocaml-swift";
			productReference = 296830872B6F6C21000BC052 /* poc-ocaml-swift */;
			productType = "com.apple.product-type.tool";
		};
/* End PBXNativeTarget section */

/* Begin PBXProject section */
		2968307F2B6F6C21000BC052 /* Project object */ = {
			isa = PBXProject;
			attributes = {
				BuildIndependentTargetsInParallel = 1;
				LastSwiftUpdateCheck = 1520;
				LastUpgradeCheck = 1520;
				TargetAttributes = {
					296830862B6F6C21000BC052 = {
						CreatedOnToolsVersion = 15.2;
					};
				};
			};
			buildConfigurationList = 296830822B6F6C21000BC052 /* Build configuration list for PBXProject "poc-ocaml-swift" */;
			compatibilityVersion = "Xcode 14.0";
			developmentRegion = en;
			hasScannedForEncodings = 0;
			knownRegions = (
				en,
				Base,
			);
			mainGroup = 2968307E2B6F6C21000BC052;
			packageReferences = (
				291FE62D2B7A64E300E00FD9 /* XCRemoteSwiftPackageReference "swift-protobuf" */,
			);
			productRefGroup = 296830882B6F6C21000BC052 /* Products */;
			projectDirPath = "";
			projectRoot = "";
			targets = (
				296830862B6F6C21000BC052 /* poc-ocaml-swift */,
			);
		};
/* End PBXProject section */

/* Begin PBXSourcesBuildPhase section */
		296830832B6F6C21000BC052 /* Sources */ = {
			isa = PBXSourcesBuildPhase;
			buildActionMask = 2147483647;
			files = (
				291FE62C2B7A64A000E00FD9 /* messages.pb.swift in Sources */,
				2968308B2B6F6C21000BC052 /* main.swift in Sources */,
			);
			runOnlyForDeploymentPostprocessing = 0;
		};
/* End PBXSourcesBuildPhase section */

/* Begin XCBuildConfiguration section */
		2968308C2B6F6C21000BC052 /* Debug */ = {
			isa = XCBuildConfiguration;
			buildSettings = {
				ALWAYS_SEARCH_USER_PATHS = NO;
				ASSETCATALOG_COMPILER_GENERATE_SWIFT_ASSET_SYMBOL_EXTENSIONS = YES;
				CLANG_ANALYZER_NONNULL = YES;
				CLANG_ANALYZER_NUMBER_OBJECT_CONVERSION = YES_AGGRESSIVE;
				CLANG_CXX_LANGUAGE_STANDARD = "gnu++20";
				CLANG_ENABLE_MODULES = YES;
				CLANG_ENABLE_OBJC_ARC = YES;
				CLANG_ENABLE_OBJC_WEAK = YES;
				CLANG_WARN_BLOCK_CAPTURE_AUTORELEASING = YES;
				CLANG_WARN_BOOL_CONVERSION = YES;
				CLANG_WARN_COMMA = YES;
				CLANG_WARN_CONSTANT_CONVERSION = YES;
				CLANG_WARN_DEPRECATED_OBJC_IMPLEMENTATIONS = YES;
				CLANG_WARN_DIRECT_OBJC_ISA_USAGE = YES_ERROR;
				CLANG_WARN_DOCUMENTATION_COMMENTS = YES;
				CLANG_WARN_EMPTY_BODY = YES;
				CLANG_WARN_ENUM_CONVERSION = YES;
				CLANG_WARN_INFINITE_RECURSION = YES;
				CLANG_WARN_INT_CONVERSION = YES;
				CLANG_WARN_NON_LITERAL_NULL_CONVERSION = YES;
				CLANG_WARN_OBJC_IMPLICIT_RETAIN_SELF = YES;
				CLANG_WARN_OBJC_LITERAL_CONVERSION = YES;
				CLANG_WARN_OBJC_ROOT_CLASS = YES_ERROR;
				CLANG_WARN_QUOTED_INCLUDE_IN_FRAMEWORK_HEADER = YES;
				CLANG_WARN_RANGE_LOOP_ANALYSIS = YES;
				CLANG_WARN_STRICT_PROTOTYPES = YES;
				CLANG_WARN_SUSPICIOUS_MOVE = YES;
				CLANG_WARN_UNGUARDED_AVAILABILITY = YES_AGGRESSIVE;
				CLANG_WARN_UNREACHABLE_CODE = YES;
				CLANG_WARN__DUPLICATE_METHOD_MATCH = YES;
				COPY_PHASE_STRIP = NO;
				DEBUG_INFORMATION_FORMAT = dwarf;
				ENABLE_STRICT_OBJC_MSGSEND = YES;
				ENABLE_TESTABILITY = YES;
				ENABLE_USER_SCRIPT_SANDBOXING = YES;
				GCC_C_LANGUAGE_STANDARD = gnu17;
				GCC_DYNAMIC_NO_PIC = NO;
				GCC_NO_COMMON_BLOCKS = YES;
				GCC_OPTIMIZATION_LEVEL = 0;
				GCC_PREPROCESSOR_DEFINITIONS = (
					"DEBUG=1",
					"$(inherited)",
				);
				GCC_WARN_64_TO_32_BIT_CONVERSION = YES;
				GCC_WARN_ABOUT_RETURN_TYPE = YES_ERROR;
				GCC_WARN_UNDECLARED_SELECTOR = YES;
				GCC_WARN_UNINITIALIZED_AUTOS = YES_AGGRESSIVE;
				GCC_WARN_UNUSED_FUNCTION = YES;
				GCC_WARN_UNUSED_VARIABLE = YES;
				LOCALIZATION_PREFERS_STRING_CATALOGS = YES;
				MACOSX_DEPLOYMENT_TARGET = 14.2;
				MTL_ENABLE_DEBUG_INFO = INCLUDE_SOURCE;
				MTL_FAST_MATH = YES;
				ONLY_ACTIVE_ARCH = YES;
				SDKROOT = macosx;
				SWIFT_ACTIVE_COMPILATION_CONDITIONS = "DEBUG $(inherited)";
				SWIFT_OPTIMIZATION_LEVEL = "-Onone";
			};
			name = Debug;
		};
		2968308D2B6F6C21000BC052 /* Release */ = {
			isa = XCBuildConfiguration;
			buildSettings = {
				ALWAYS_SEARCH_USER_PATHS = NO;
				ASSETCATALOG_COMPILER_GENERATE_SWIFT_ASSET_SYMBOL_EXTENSIONS = YES;
				CLANG_ANALYZER_NONNULL = YES;
				CLANG_ANALYZER_NUMBER_OBJECT_CONVERSION = YES_AGGRESSIVE;
				CLANG_CXX_LANGUAGE_STANDARD = "gnu++20";
				CLANG_ENABLE_MODULES = YES;
				CLANG_ENABLE_OBJC_ARC = YES;
				CLANG_ENABLE_OBJC_WEAK = YES;
				CLANG_WARN_BLOCK_CAPTURE_AUTORELEASING = YES;
				CLANG_WARN_BOOL_CONVERSION = YES;
				CLANG_WARN_COMMA = YES;
				CLANG_WARN_CONSTANT_CONVERSION = YES;
				CLANG_WARN_DEPRECATED_OBJC_IMPLEMENTATIONS = YES;
				CLANG_WARN_DIRECT_OBJC_ISA_USAGE = YES_ERROR;
				CLANG_WARN_DOCUMENTATION_COMMENTS = YES;
				CLANG_WARN_EMPTY_BODY = YES;
				CLANG_WARN_ENUM_CONVERSION = YES;
				CLANG_WARN_INFINITE_RECURSION = YES;
				CLANG_WARN_INT_CONVERSION = YES;
				CLANG_WARN_NON_LITERAL_NULL_CONVERSION = YES;
				CLANG_WARN_OBJC_IMPLICIT_RETAIN_SELF = YES;
				CLANG_WARN_OBJC_LITERAL_CONVERSION = YES;
				CLANG_WARN_OBJC_ROOT_CLASS = YES_ERROR;
				CLANG_WARN_QUOTED_INCLUDE_IN_FRAMEWORK_HEADER = YES;
				CLANG_WARN_RANGE_LOOP_ANALYSIS = YES;
				CLANG_WARN_STRICT_PROTOTYPES = YES;
				CLANG_WARN_SUSPICIOUS_MOVE = YES;
				CLANG_WARN_UNGUARDED_AVAILABILITY = YES_AGGRESSIVE;
				CLANG_WARN_UNREACHABLE_CODE = YES;
				CLANG_WARN__DUPLICATE_METHOD_MATCH = YES;
				COPY_PHASE_STRIP = NO;
				DEBUG_INFORMATION_FORMAT = "dwarf-with-dsym";
				ENABLE_NS_ASSERTIONS = NO;
				ENABLE_STRICT_OBJC_MSGSEND = YES;
				ENABLE_USER_SCRIPT_SANDBOXING = YES;
				GCC_C_LANGUAGE_STANDARD = gnu17;
				GCC_NO_COMMON_BLOCKS = YES;
				GCC_WARN_64_TO_32_BIT_CONVERSION = YES;
				GCC_WARN_ABOUT_RETURN_TYPE = YES_ERROR;
				GCC_WARN_UNDECLARED_SELECTOR = YES;
				GCC_WARN_UNINITIALIZED_AUTOS = YES_AGGRESSIVE;
				GCC_WARN_UNUSED_FUNCTION = YES;
				GCC_WARN_UNUSED_VARIABLE = YES;
				LOCALIZATION_PREFERS_STRING_CATALOGS = YES;
				MACOSX_DEPLOYMENT_TARGET = 14.2;
				MTL_ENABLE_DEBUG_INFO = NO;
				MTL_FAST_MATH = YES;
				SDKROOT = macosx;
				SWIFT_COMPILATION_MODE = wholemodule;
			};
			name = Release;
		};
		2968308F2B6F6C21000BC052 /* Debug */ = {
			isa = XCBuildConfiguration;
			buildSettings = {
				CODE_SIGN_STYLE = Automatic;
				PRODUCT_NAME = "$(TARGET_NAME)";
				SWIFT_VERSION = 5.0;
			};
			name = Debug;
		};
		296830902B6F6C21000BC052 /* Release */ = {
			isa = XCBuildConfiguration;
			buildSettings = {
				CODE_SIGN_STYLE = Automatic;
				PRODUCT_NAME = "$(TARGET_NAME)";
				SWIFT_VERSION = 5.0;
			};
			name = Release;
		};
/* End XCBuildConfiguration section */

/* Begin XCConfigurationList section */
		296830822B6F6C21000BC052 /* Build configuration list for PBXProject "poc-ocaml-swift" */ = {
			isa = XCConfigurationList;
			buildConfigurations = (
				2968308C2B6F6C21000BC052 /* Debug */,
				2968308D2B6F6C21000BC052 /* Release */,
			);
			defaultConfigurationIsVisible = 0;
			defaultConfigurationName = Release;
		};
		2968308E2B6F6C21000BC052 /* Build configuration list for PBXNativeTarget "poc-ocaml-swift" */ = {
			isa = XCConfigurationList;
			buildConfigurations = (
				2968308F2B6F6C21000BC052 /* Debug */,
				296830902B6F6C21000BC052 /* Release */,
			);
			defaultConfigurationIsVisible = 0;
			defaultConfigurationName = Release;
		};
/* End XCConfigurationList section */

/* Begin XCRemoteSwiftPackageReference section */
		291FE62D2B7A64E300E00FD9 /* XCRemoteSwiftPackageReference "swift-protobuf" */ = {
			isa = XCRemoteSwiftPackageReference;
			repositoryURL = "https://github.com/apple/swift-protobuf.git";
			requirement = {
				kind = upToNextMajorVersion;
				minimumVersion = 1.25.2;
			};
		};
/* End XCRemoteSwiftPackageReference section */

/* Begin XCSwiftPackageProductDependency section */
		291FE62E2B7A64E300E00FD9 /* SwiftProtobuf */ = {
			isa = XCSwiftPackageProductDependency;
			package = 291FE62D2B7A64E300E00FD9 /* XCRemoteSwiftPackageReference "swift-protobuf" */;
			productName = SwiftProtobuf;
		};
		291FE6302B7A64E300E00FD9 /* SwiftProtobufPluginLibrary */ = {
			isa = XCSwiftPackageProductDependency;
			package = 291FE62D2B7A64E300E00FD9 /* XCRemoteSwiftPackageReference "swift-protobuf" */;
			productName = SwiftProtobufPluginLibrary;
		};
		291FE6322B7A64E300E00FD9 /* protoc-gen-swift */ = {
			isa = XCSwiftPackageProductDependency;
			package = 291FE62D2B7A64E300E00FD9 /* XCRemoteSwiftPackageReference "swift-protobuf" */;
			productName = "protoc-gen-swift";
		};
/* End XCSwiftPackageProductDependency section */
	};
	rootObject = 2968307F2B6F6C21000BC052 /* Project object */;
}
